
Microsoft Visual Studio Solution File, Format Version 12.00
# Visual Studio Version 17
VisualStudioVersion = 17.11.35327.3
MinimumVisualStudioVersion = 10.0.40219.1
Project("{FAE04EC0-301F-11D3-BF4B-00C04F79EFBC}") = "BackendAPI", "BackendAPI.csproj", "{95E1CEC7-B3E6-4104-90D1-9594D0C73EF6}"
EndProject
Global
	GlobalSection(SolutionConfigurationPlatforms) = preSolution
		Debug|Any CPU = Debug|Any CPU
		Release|Any CPU = Release|Any CPU
	EndGlobalSection
	GlobalSection(ProjectConfigurationPlatforms) = postSolution
		{95E1CEC7-B3E6-4104-90D1-9594D0C73EF6}.Debug|Any CPU.ActiveCfg = Debug|Any CPU
		{95E1CEC7-B3E6-4104-90D1-9594D0C73EF6}.Debug|Any CPU.Build.0 = Debug|Any CPU
		{95E1CEC7-B3E6-4104-90D1-9594D0C73EF6}.Release|Any CPU.ActiveCfg = Release|Any CPU
		{95E1CEC7-B3E6-4104-90D1-9594D0C73EF6}.Release|Any CPU.Build.0 = Release|Any CPU
	EndGlobalSection
	GlobalSection(SolutionProperties) = preSolution
		HideSolutionNode = FALSE
	EndGlobalSection
	GlobalSection(ExtensibilityGlobals) = postSolution
		SolutionGuid = {58B98C2E-E22D-4607-946B-64E0429FF82C}
	EndGlobalSection
EndGlobal
